
Microsoft Visual Studio Solution File, Format Version 12.00
# Visual Studio Version 17
VisualStudioVersion = 17.3.32804.467
MinimumVisualStudioVersion = 10.0.40219.1
Project("{FAE04EC0-301F-11D3-BF4B-00C04F79EFBC}") = "TicTacToeSpiel", "TicTacToeSpiel.csproj", "{2B682192-26E5-4C7A-8CB4-22C55A825077}"
EndProject
Global
	GlobalSection(SolutionConfigurationPlatforms) = preSolution
		Debug|Any CPU = Debug|Any CPU
		Release|Any CPU = Release|Any CPU
	EndGlobalSection
	GlobalSection(ProjectConfigurationPlatforms) = postSolution
		{2B682192-26E5-4C7A-8CB4-22C55A825077}.Debug|Any CPU.ActiveCfg = Debug|Any CPU
		{2B682192-26E5-4C7A-8CB4-22C55A825077}.Debug|Any CPU.Build.0 = Debug|Any CPU
		{2B682192-26E5-4C7A-8CB4-22C55A825077}.Release|Any CPU.ActiveCfg = Release|Any CPU
		{2B682192-26E5-4C7A-8CB4-22C55A825077}.Release|Any CPU.Build.0 = Release|Any CPU
	EndGlobalSection
	GlobalSection(SolutionProperties) = preSolution
		HideSolutionNode = FALSE
	EndGlobalSection
	GlobalSection(ExtensibilityGlobals) = postSolution
		SolutionGuid = {C4C70E74-3C2D-4650-9057-BA2031C3A3AE}
	EndGlobalSection
EndGlobal
